{
  "name": "npm12",
  "version": "1.0.0",
  "lockfileVersion": 2,
  "requires": true,
  "packages": {
    "": {
      "name": "npm12",
      "version": "1.0.0",
      "license": "ISC",
      "dependencies": {
        "left-pad": "1.0.0"
      }
    },
    "node_modules/left-pad": {
      "version": "1.0.0",
      "resolved": "https://registry.npmjs.org/left-pad/-/left-pad-1.0.0.tgz",
      "integrity": "sha1-yE4kF1gbu46vK549ehIuVyqxrzc=",
      "deprecated": "use String.prototype.padStart()"
    }
  },
  "dependencies": {
    "left-pad": {
      "version": "1.0.0",
      "resolved": "https://registry.npmjs.org/left-pad/-/left-pad-1.0.0.tgz",
      "integrity": "sha1-yE4kF1gbu46vK549ehIuVyqxrzc="
    }
  }
}
